// !$*UTF8*$!
{
	archiveVersion = 1;
	classes = {
	};
	objectVersion = 56;
	objects = {

/* Begin PBXBuildFile section */
		F5811A022B96FD05001C7031 /* VertexObj.m in Sources */ = {isa = PBXBuildFile; fileRef = F5811A002B96FD04001C7031 /* VertexObj.m */; };
		F5811A052B96FD62001C7031 /* Normal.metal in Sources */ = {isa = PBXBuildFile; fileRef = F5811A042B96FD62001C7031 /* Normal.metal */; };
		F5811A072B96FDC3001C7031 /* Scalar+Extensions.swift in Sources */ = {isa = PBXBuildFile; fileRef = F5811A062B96FDC3001C7031 /* Scalar+Extensions.swift */; };
		F5811A092B96FE69001C7031 /* FreeDrawView+Extensions.swift in Sources */ = {isa = PBXBuildFile; fileRef = F5811A082B96FE69001C7031 /* FreeDrawView+Extensions.swift */; };
		F5811A0B2B96FEF0001C7031 /* Collection+Extensions.swift in Sources */ = {isa = PBXBuildFile; fileRef = F5811A0A2B96FEF0001C7031 /* Collection+Extensions.swift */; };
		F5811A0D2B96FF17001C7031 /* ArrayExtensions.swift in Sources */ = {isa = PBXBuildFile; fileRef = F5811A0C2B96FF17001C7031 /* ArrayExtensions.swift */; };
		F5B79F922B6214F4004BD866 /* DrawingCurveState.mm in Sources */ = {isa = PBXBuildFile; fileRef = F5B79F902B6214F4004BD866 /* DrawingCurveState.mm */; };
		F5B79F9D2B62159B004BD866 /* Polyline.cpp in Sources */ = {isa = PBXBuildFile; fileRef = F5B79F9B2B62159B004BD866 /* Polyline.cpp */; };
		F5B79F9E2B62159B004BD866 /* Triangles.cpp in Sources */ = {isa = PBXBuildFile; fileRef = F5B79F9C2B62159B004BD866 /* Triangles.cpp */; };
		F5B79FB22B621782004BD866 /* NonuniformSpline.cpp in Sources */ = {isa = PBXBuildFile; fileRef = F5B79FB02B621782004BD866 /* NonuniformSpline.cpp */; };
		F5B79FB42B621C2E004BD866 /* BaseViewState.m in Sources */ = {isa = PBXBuildFile; fileRef = F5B79FB32B621C2E004BD866 /* BaseViewState.m */; };
		F5E6CEF12B6201D300B38F16 /* AppDelegate.m in Sources */ = {isa = PBXBuildFile; fileRef = F5E6CEF02B6201D300B38F16 /* AppDelegate.m */; };
		F5E6CEF42B6201D300B38F16 /* SceneDelegate.m in Sources */ = {isa = PBXBuildFile; fileRef = F5E6CEF32B6201D300B38F16 /* SceneDelegate.m */; };
		F5E6CEF72B6201D300B38F16 /* ViewController.m in Sources */ = {isa = PBXBuildFile; fileRef = F5E6CEF62B6201D300B38F16 /* ViewController.m */; };
		F5E6CEFA2B6201D300B38F16 /* Main.storyboard in Resources */ = {isa = PBXBuildFile; fileRef = F5E6CEF82B6201D300B38F16 /* Main.storyboard */; };
		F5E6CEFC2B6201D500B38F16 /* Assets.xcassets in Resources */ = {isa = PBXBuildFile; fileRef = F5E6CEFB2B6201D500B38F16 /* Assets.xcassets */; };
		F5E6CEFF2B6201D500B38F16 /* LaunchScreen.storyboard in Resources */ = {isa = PBXBuildFile; fileRef = F5E6CEFD2B6201D500B38F16 /* LaunchScreen.storyboard */; };
		F5E6CF022B6201D500B38F16 /* main.m in Sources */ = {isa = PBXBuildFile; fileRef = F5E6CF012B6201D500B38F16 /* main.m */; };
		F5E6CF0A2B6202AA00B38F16 /* FreeDrawView.mm in Sources */ = {isa = PBXBuildFile; fileRef = F5E6CF092B6202AA00B38F16 /* FreeDrawView.mm */; };
		F5E6CF0D2B6207D000B38F16 /* ResourceManager.mm in Sources */ = {isa = PBXBuildFile; fileRef = F5E6CF0C2B6207D000B38F16 /* ResourceManager.mm */; };
		F5E6CF1A2B620C1200B38F16 /* WhiteAsAlpha.frag in Resources */ = {isa = PBXBuildFile; fileRef = F5E6CF112B620C1200B38F16 /* WhiteAsAlpha.frag */; };
		F5E6CF1B2B620C1200B38F16 /* Normal.frag in Resources */ = {isa = PBXBuildFile; fileRef = F5E6CF122B620C1200B38F16 /* Normal.frag */; };
		F5E6CF202B620C1200B38F16 /* Normal.vert in Resources */ = {isa = PBXBuildFile; fileRef = F5E6CF182B620C1200B38F16 /* Normal.vert */; };
		F5E6CF2D2B620C4F00B38F16 /* FreeDrawPenGray-2_1.png in Resources */ = {isa = PBXBuildFile; fileRef = F5E6CF232B620C4F00B38F16 /* FreeDrawPenGray-2_1.png */; };
		F5E6CF2E2B620C4F00B38F16 /* FreeDrawPenGray-2_2.png in Resources */ = {isa = PBXBuildFile; fileRef = F5E6CF242B620C4F00B38F16 /* FreeDrawPenGray-2_2.png */; };
		F5E6CF2F2B620C4F00B38F16 /* FreeDrawPenGray-2_16.png in Resources */ = {isa = PBXBuildFile; fileRef = F5E6CF252B620C4F00B38F16 /* FreeDrawPenGray-2_16.png */; };
		F5E6CF302B620C4F00B38F16 /* FreeDrawPenGray_32.png in Resources */ = {isa = PBXBuildFile; fileRef = F5E6CF262B620C4F00B38F16 /* FreeDrawPenGray_32.png */; };
		F5E6CF312B620C4F00B38F16 /* FreeDrawPenGray-2_4.png in Resources */ = {isa = PBXBuildFile; fileRef = F5E6CF272B620C4F00B38F16 /* FreeDrawPenGray-2_4.png */; };
		F5E6CF322B620C4F00B38F16 /* FreeDrawPenMono_32.png in Resources */ = {isa = PBXBuildFile; fileRef = F5E6CF282B620C4F00B38F16 /* FreeDrawPenMono_32.png */; };
		F5E6CF332B620C4F00B38F16 /* FreeDrawPenMono_16.png in Resources */ = {isa = PBXBuildFile; fileRef = F5E6CF292B620C4F00B38F16 /* FreeDrawPenMono_16.png */; };
		F5E6CF342B620C4F00B38F16 /* FreeDrawPenGray_16.png in Resources */ = {isa = PBXBuildFile; fileRef = F5E6CF2A2B620C4F00B38F16 /* FreeDrawPenGray_16.png */; };
		F5E6CF352B620C4F00B38F16 /* FreeDrawPenGray-2_8.png in Resources */ = {isa = PBXBuildFile; fileRef = F5E6CF2B2B620C4F00B38F16 /* FreeDrawPenGray-2_8.png */; };
		F5E6CF362B620C4F00B38F16 /* FreeDrawPenGray-2_32.png in Resources */ = {isa = PBXBuildFile; fileRef = F5E6CF2C2B620C4F00B38F16 /* FreeDrawPenGray-2_32.png */; };
/* End PBXBuildFile section */

/* Begin PBXFileReference section */
		F53C0A4A2B63A07800372224 /* Polyline.hpp */ = {isa = PBXFileReference; fileEncoding = 4; lastKnownFileType = sourcecode.cpp.h; path = Polyline.hpp; sourceTree = "<group>"; };
		F58119FD2B96FBAA001C7031 /* opengles-brush-Bridging-Header.h */ = {isa = PBXFileReference; lastKnownFileType = sourcecode.c.h; path = "opengles-brush-Bridging-Header.h"; sourceTree = "<group>"; };
		F5811A002B96FD04001C7031 /* VertexObj.m */ = {isa = PBXFileReference; fileEncoding = 4; lastKnownFileType = sourcecode.c.objc; path = VertexObj.m; sourceTree = "<group>"; };
		F5811A012B96FD05001C7031 /* VertexObj.h */ = {isa = PBXFileReference; fileEncoding = 4; lastKnownFileType = sourcecode.c.h; path = VertexObj.h; sourceTree = "<group>"; };
		F5811A032B96FD3F001C7031 /* FreeDrawShaderTypes.h */ = {isa = PBXFileReference; fileEncoding = 4; lastKnownFileType = sourcecode.c.h; path = FreeDrawShaderTypes.h; sourceTree = "<group>"; };
		F5811A042B96FD62001C7031 /* Normal.metal */ = {isa = PBXFileReference; fileEncoding = 4; lastKnownFileType = sourcecode.metal; path = Normal.metal; sourceTree = "<group>"; };
		F5811A062B96FDC3001C7031 /* Scalar+Extensions.swift */ = {isa = PBXFileReference; fileEncoding = 4; lastKnownFileType = sourcecode.swift; path = "Scalar+Extensions.swift"; sourceTree = "<group>"; };
		F5811A082B96FE69001C7031 /* FreeDrawView+Extensions.swift */ = {isa = PBXFileReference; fileEncoding = 4; lastKnownFileType = sourcecode.swift; path = "FreeDrawView+Extensions.swift"; sourceTree = "<group>"; };
		F5811A0A2B96FEF0001C7031 /* Collection+Extensions.swift */ = {isa = PBXFileReference; fileEncoding = 4; lastKnownFileType = sourcecode.swift; path = "Collection+Extensions.swift"; sourceTree = "<group>"; };
		F5811A0C2B96FF17001C7031 /* ArrayExtensions.swift */ = {isa = PBXFileReference; fileEncoding = 4; lastKnownFileType = sourcecode.swift; path = ArrayExtensions.swift; sourceTree = "<group>"; };
		F5B79F902B6214F4004BD866 /* DrawingCurveState.mm */ = {isa = PBXFileReference; fileEncoding = 4; lastKnownFileType = sourcecode.cpp.objcpp; path = DrawingCurveState.mm; sourceTree = "<group>"; };
		F5B79F912B6214F4004BD866 /* DrawingCurveState.h */ = {isa = PBXFileReference; fileEncoding = 4; lastKnownFileType = sourcecode.c.h; path = DrawingCurveState.h; sourceTree = "<group>"; };
		F5B79F9A2B62159B004BD866 /* Triangles.hpp */ = {isa = PBXFileReference; fileEncoding = 4; lastKnownFileType = sourcecode.cpp.h; path = Triangles.hpp; sourceTree = "<group>"; };
		F5B79F9B2B62159B004BD866 /* Polyline.cpp */ = {isa = PBXFileReference; fileEncoding = 4; lastKnownFileType = sourcecode.cpp.cpp; path = Polyline.cpp; sourceTree = "<group>"; };
		F5B79F9C2B62159B004BD866 /* Triangles.cpp */ = {isa = PBXFileReference; fileEncoding = 4; lastKnownFileType = sourcecode.cpp.cpp; path = Triangles.cpp; sourceTree = "<group>"; };
		F5B79FAF2B621760004BD866 /* Vertex.hpp */ = {isa = PBXFileReference; fileEncoding = 4; lastKnownFileType = sourcecode.cpp.h; path = Vertex.hpp; sourceTree = "<group>"; };
		F5B79FB02B621782004BD866 /* NonuniformSpline.cpp */ = {isa = PBXFileReference; fileEncoding = 4; lastKnownFileType = sourcecode.cpp.cpp; path = NonuniformSpline.cpp; sourceTree = "<group>"; };
		F5B79FB12B621782004BD866 /* NonuniformSpline.hpp */ = {isa = PBXFileReference; fileEncoding = 4; lastKnownFileType = sourcecode.cpp.h; path = NonuniformSpline.hpp; sourceTree = "<group>"; };
		F5B79FB32B621C2E004BD866 /* BaseViewState.m */ = {isa = PBXFileReference; fileEncoding = 4; lastKnownFileType = sourcecode.c.objc; path = BaseViewState.m; sourceTree = "<group>"; };
		F5E6CEEC2B6201D300B38F16 /* opengles-brush.app */ = {isa = PBXFileReference; explicitFileType = wrapper.application; includeInIndex = 0; path = "opengles-brush.app"; sourceTree = BUILT_PRODUCTS_DIR; };
		F5E6CEEF2B6201D300B38F16 /* AppDelegate.h */ = {isa = PBXFileReference; lastKnownFileType = sourcecode.c.h; path = AppDelegate.h; sourceTree = "<group>"; };
		F5E6CEF02B6201D300B38F16 /* AppDelegate.m */ = {isa = PBXFileReference; lastKnownFileType = sourcecode.c.objc; path = AppDelegate.m; sourceTree = "<group>"; };
		F5E6CEF22B6201D300B38F16 /* SceneDelegate.h */ = {isa = PBXFileReference; lastKnownFileType = sourcecode.c.h; path = SceneDelegate.h; sourceTree = "<group>"; };
		F5E6CEF32B6201D300B38F16 /* SceneDelegate.m */ = {isa = PBXFileReference; lastKnownFileType = sourcecode.c.objc; path = SceneDelegate.m; sourceTree = "<group>"; };
		F5E6CEF52B6201D300B38F16 /* ViewController.h */ = {isa = PBXFileReference; lastKnownFileType = sourcecode.c.h; path = ViewController.h; sourceTree = "<group>"; };
		F5E6CEF62B6201D300B38F16 /* ViewController.m */ = {isa = PBXFileReference; lastKnownFileType = sourcecode.c.objc; path = ViewController.m; sourceTree = "<group>"; };
		F5E6CEF92B6201D300B38F16 /* Base */ = {isa = PBXFileReference; lastKnownFileType = file.storyboard; name = Base; path = Base.lproj/Main.storyboard; sourceTree = "<group>"; };
		F5E6CEFB2B6201D500B38F16 /* Assets.xcassets */ = {isa = PBXFileReference; lastKnownFileType = folder.assetcatalog; path = Assets.xcassets; sourceTree = "<group>"; };
		F5E6CEFE2B6201D500B38F16 /* Base */ = {isa = PBXFileReference; lastKnownFileType = file.storyboard; name = Base; path = Base.lproj/LaunchScreen.storyboard; sourceTree = "<group>"; };
		F5E6CF002B6201D500B38F16 /* Info.plist */ = {isa = PBXFileReference; lastKnownFileType = text.plist.xml; path = Info.plist; sourceTree = "<group>"; };
		F5E6CF012B6201D500B38F16 /* main.m */ = {isa = PBXFileReference; lastKnownFileType = sourcecode.c.objc; path = main.m; sourceTree = "<group>"; };
		F5E6CF082B6202AA00B38F16 /* FreeDrawView.h */ = {isa = PBXFileReference; lastKnownFileType = sourcecode.c.h; path = FreeDrawView.h; sourceTree = "<group>"; };
		F5E6CF092B6202AA00B38F16 /* FreeDrawView.mm */ = {isa = PBXFileReference; lastKnownFileType = sourcecode.cpp.objcpp; path = FreeDrawView.mm; sourceTree = "<group>"; };
		F5E6CF0B2B62076000B38F16 /* IResourceManager.hpp */ = {isa = PBXFileReference; lastKnownFileType = sourcecode.cpp.h; path = IResourceManager.hpp; sourceTree = "<group>"; };
		F5E6CF0C2B6207D000B38F16 /* ResourceManager.mm */ = {isa = PBXFileReference; lastKnownFileType = sourcecode.cpp.objcpp; path = ResourceManager.mm; sourceTree = "<group>"; };
		F5E6CF0E2B62091B00B38F16 /* Vector.hpp */ = {isa = PBXFileReference; lastKnownFileType = sourcecode.cpp.h; path = Vector.hpp; sourceTree = "<group>"; };
		F5E6CF0F2B620A4600B38F16 /* opengles-brush-Prefix.pch */ = {isa = PBXFileReference; lastKnownFileType = sourcecode.c.h; path = "opengles-brush-Prefix.pch"; sourceTree = "<group>"; };
		F5E6CF112B620C1200B38F16 /* WhiteAsAlpha.frag */ = {isa = PBXFileReference; fileEncoding = 4; lastKnownFileType = sourcecode.glsl; path = WhiteAsAlpha.frag; sourceTree = "<group>"; };
		F5E6CF122B620C1200B38F16 /* Normal.frag */ = {isa = PBXFileReference; fileEncoding = 4; lastKnownFileType = sourcecode.glsl; path = Normal.frag; sourceTree = "<group>"; };
		F5E6CF182B620C1200B38F16 /* Normal.vert */ = {isa = PBXFileReference; fileEncoding = 4; lastKnownFileType = sourcecode.glsl; path = Normal.vert; sourceTree = "<group>"; };
		F5E6CF232B620C4F00B38F16 /* FreeDrawPenGray-2_1.png */ = {isa = PBXFileReference; lastKnownFileType = image.png; path = "FreeDrawPenGray-2_1.png"; sourceTree = "<group>"; };
		F5E6CF242B620C4F00B38F16 /* FreeDrawPenGray-2_2.png */ = {isa = PBXFileReference; lastKnownFileType = image.png; path = "FreeDrawPenGray-2_2.png"; sourceTree = "<group>"; };
		F5E6CF252B620C4F00B38F16 /* FreeDrawPenGray-2_16.png */ = {isa = PBXFileReference; lastKnownFileType = image.png; path = "FreeDrawPenGray-2_16.png"; sourceTree = "<group>"; };
		F5E6CF262B620C4F00B38F16 /* FreeDrawPenGray_32.png */ = {isa = PBXFileReference; lastKnownFileType = image.png; path = FreeDrawPenGray_32.png; sourceTree = "<group>"; };
		F5E6CF272B620C4F00B38F16 /* FreeDrawPenGray-2_4.png */ = {isa = PBXFileReference; lastKnownFileType = image.png; path = "FreeDrawPenGray-2_4.png"; sourceTree = "<group>"; };
		F5E6CF282B620C4F00B38F16 /* FreeDrawPenMono_32.png */ = {isa = PBXFileReference; lastKnownFileType = image.png; path = FreeDrawPenMono_32.png; sourceTree = "<group>"; };
		F5E6CF292B620C4F00B38F16 /* FreeDrawPenMono_16.png */ = {isa = PBXFileReference; lastKnownFileType = image.png; path = FreeDrawPenMono_16.png; sourceTree = "<group>"; };
		F5E6CF2A2B620C4F00B38F16 /* FreeDrawPenGray_16.png */ = {isa = PBXFileReference; lastKnownFileType = image.png; path = FreeDrawPenGray_16.png; sourceTree = "<group>"; };
		F5E6CF2B2B620C4F00B38F16 /* FreeDrawPenGray-2_8.png */ = {isa = PBXFileReference; lastKnownFileType = image.png; path = "FreeDrawPenGray-2_8.png"; sourceTree = "<group>"; };
		F5E6CF2C2B620C4F00B38F16 /* FreeDrawPenGray-2_32.png */ = {isa = PBXFileReference; lastKnownFileType = image.png; path = "FreeDrawPenGray-2_32.png"; sourceTree = "<group>"; };
		F5E6CF372B620F1A00B38F16 /* BaseViewState.h */ = {isa = PBXFileReference; fileEncoding = 4; lastKnownFileType = sourcecode.c.h; path = BaseViewState.h; sourceTree = "<group>"; };
/* End PBXFileReference section */

/* Begin PBXFrameworksBuildPhase section */
		F5E6CEE92B6201D300B38F16 /* Frameworks */ = {
			isa = PBXFrameworksBuildPhase;
			buildActionMask = 2147483647;
			files = (
			);
			runOnlyForDeploymentPostprocessing = 0;
		};
/* End PBXFrameworksBuildPhase section */

/* Begin PBXGroup section */
		F53C0A492B63A01A00372224 /* models */ = {
			isa = PBXGroup;
			children = (
				F5B79FB02B621782004BD866 /* NonuniformSpline.cpp */,
				F5B79FB12B621782004BD866 /* NonuniformSpline.hpp */,
				F5B79F9B2B62159B004BD866 /* Polyline.cpp */,
				F53C0A4A2B63A07800372224 /* Polyline.hpp */,
				F5B79F9C2B62159B004BD866 /* Triangles.cpp */,
				F5B79F9A2B62159B004BD866 /* Triangles.hpp */,
				F5E6CF0E2B62091B00B38F16 /* Vector.hpp */,
				F5B79FAF2B621760004BD866 /* Vertex.hpp */,
			);
			path = models;
			sourceTree = "<group>";
		};
		F53C0A4B2B63A0A300372224 /* app */ = {
			isa = PBXGroup;
			children = (
				F5E6CEEF2B6201D300B38F16 /* AppDelegate.h */,
				F5E6CEF02B6201D300B38F16 /* AppDelegate.m */,
				F5E6CF002B6201D500B38F16 /* Info.plist */,
				F5E6CEFD2B6201D500B38F16 /* LaunchScreen.storyboard */,
				F5E6CF012B6201D500B38F16 /* main.m */,
				F5E6CEF82B6201D300B38F16 /* Main.storyboard */,
				F58119FD2B96FBAA001C7031 /* opengles-brush-Bridging-Header.h */,
				F5E6CF0F2B620A4600B38F16 /* opengles-brush-Prefix.pch */,
				F5E6CEF22B6201D300B38F16 /* SceneDelegate.h */,
				F5E6CEF32B6201D300B38F16 /* SceneDelegate.m */,
			);
			path = app;
			sourceTree = "<group>";
		};
		F53C0A4C2B63A0BA00372224 /* utilities */ = {
			isa = PBXGroup;
			children = (
				F5811A0C2B96FF17001C7031 /* ArrayExtensions.swift */,
				F5811A0A2B96FEF0001C7031 /* Collection+Extensions.swift */,
				F5E6CF0B2B62076000B38F16 /* IResourceManager.hpp */,
				F5E6CF0C2B6207D000B38F16 /* ResourceManager.mm */,
				F5811A062B96FDC3001C7031 /* Scalar+Extensions.swift */,
			);
			path = utilities;
			sourceTree = "<group>";
		};
		F53C0A4D2B63A12900372224 /* views */ = {
			isa = PBXGroup;
			children = (
				F5E6CF372B620F1A00B38F16 /* BaseViewState.h */,
				F5B79FB32B621C2E004BD866 /* BaseViewState.m */,
				F5B79F912B6214F4004BD866 /* DrawingCurveState.h */,
				F5B79F902B6214F4004BD866 /* DrawingCurveState.mm */,
				F5E6CF082B6202AA00B38F16 /* FreeDrawView.h */,
				F5E6CF092B6202AA00B38F16 /* FreeDrawView.mm */,
				F5811A082B96FE69001C7031 /* FreeDrawView+Extensions.swift */,
				F5811A012B96FD05001C7031 /* VertexObj.h */,
				F5811A002B96FD04001C7031 /* VertexObj.m */,
				F5E6CEF52B6201D300B38F16 /* ViewController.h */,
				F5E6CEF62B6201D300B38F16 /* ViewController.m */,
			);
			path = views;
			sourceTree = "<group>";
		};
		F5E6CEE32B6201D300B38F16 = {
			isa = PBXGroup;
			children = (
				F5E6CEEE2B6201D300B38F16 /* opengles-brush */,
				F5E6CEED2B6201D300B38F16 /* Products */,
			);
			sourceTree = "<group>";
		};
		F5E6CEED2B6201D300B38F16 /* Products */ = {
			isa = PBXGroup;
			children = (
				F5E6CEEC2B6201D300B38F16 /* opengles-brush.app */,
			);
			name = Products;
			sourceTree = "<group>";
		};
		F5E6CEEE2B6201D300B38F16 /* opengles-brush */ = {
			isa = PBXGroup;
			children = (
				F53C0A4B2B63A0A300372224 /* app */,
				F5E6CEFB2B6201D500B38F16 /* Assets.xcassets */,
				F53C0A492B63A01A00372224 /* models */,
				F5E6CF102B620C1200B38F16 /* shaders */,
				F5E6CF222B620C4F00B38F16 /* textures */,
				F53C0A4C2B63A0BA00372224 /* utilities */,
				F53C0A4D2B63A12900372224 /* views */,
			);
			path = "opengles-brush";
			sourceTree = "<group>";
		};
		F5E6CF102B620C1200B38F16 /* shaders */ = {
			isa = PBXGroup;
			children = (
				F5811A032B96FD3F001C7031 /* FreeDrawShaderTypes.h */,
				F5E6CF122B620C1200B38F16 /* Normal.frag */,
				F5811A042B96FD62001C7031 /* Normal.metal */,
				F5E6CF182B620C1200B38F16 /* Normal.vert */,
				F5E6CF112B620C1200B38F16 /* WhiteAsAlpha.frag */,
			);
			path = shaders;
			sourceTree = "<group>";
		};
		F5E6CF222B620C4F00B38F16 /* textures */ = {
			isa = PBXGroup;
			children = (
				F5E6CF232B620C4F00B38F16 /* FreeDrawPenGray-2_1.png */,
				F5E6CF242B620C4F00B38F16 /* FreeDrawPenGray-2_2.png */,
				F5E6CF252B620C4F00B38F16 /* FreeDrawPenGray-2_16.png */,
				F5E6CF262B620C4F00B38F16 /* FreeDrawPenGray_32.png */,
				F5E6CF272B620C4F00B38F16 /* FreeDrawPenGray-2_4.png */,
				F5E6CF282B620C4F00B38F16 /* FreeDrawPenMono_32.png */,
				F5E6CF292B620C4F00B38F16 /* FreeDrawPenMono_16.png */,
				F5E6CF2A2B620C4F00B38F16 /* FreeDrawPenGray_16.png */,
				F5E6CF2B2B620C4F00B38F16 /* FreeDrawPenGray-2_8.png */,
				F5E6CF2C2B620C4F00B38F16 /* FreeDrawPenGray-2_32.png */,
			);
			path = textures;
			sourceTree = "<group>";
		};
/* End PBXGroup section */

/* Begin PBXNativeTarget section */
		F5E6CEEB2B6201D300B38F16 /* opengles-brush */ = {
			isa = PBXNativeTarget;
			buildConfigurationList = F5E6CF052B6201D500B38F16 /* Build configuration list for PBXNativeTarget "opengles-brush" */;
			buildPhases = (
				F5E6CEE82B6201D300B38F16 /* Sources */,
				F5E6CEE92B6201D300B38F16 /* Frameworks */,
				F5E6CEEA2B6201D300B38F16 /* Resources */,
			);
			buildRules = (
			);
			dependencies = (
			);
			name = "opengles-brush";
			productName = "opengles-brush";
			productReference = F5E6CEEC2B6201D300B38F16 /* opengles-brush.app */;
			productType = "com.apple.product-type.application";
		};
/* End PBXNativeTarget section */

/* Begin PBXProject section */
		F5E6CEE42B6201D300B38F16 /* Project object */ = {
			isa = PBXProject;
			attributes = {
				BuildIndependentTargetsInParallel = 1;
				LastUpgradeCheck = 1500;
				TargetAttributes = {
					F5E6CEEB2B6201D300B38F16 = {
						CreatedOnToolsVersion = 15.0;
						LastSwiftMigration = 1500;
					};
				};
			};
			buildConfigurationList = F5E6CEE72B6201D300B38F16 /* Build configuration list for PBXProject "opengles-brush" */;
			compatibilityVersion = "Xcode 14.0";
			developmentRegion = en;
			hasScannedForEncodings = 0;
			knownRegions = (
				en,
				Base,
			);
			mainGroup = F5E6CEE32B6201D300B38F16;
			productRefGroup = F5E6CEED2B6201D300B38F16 /* Products */;
			projectDirPath = "";
			projectRoot = "";
			targets = (
				F5E6CEEB2B6201D300B38F16 /* opengles-brush */,
			);
		};
/* End PBXProject section */

/* Begin PBXResourcesBuildPhase section */
		F5E6CEEA2B6201D300B38F16 /* Resources */ = {
			isa = PBXResourcesBuildPhase;
			buildActionMask = 2147483647;
			files = (
				F5E6CF362B620C4F00B38F16 /* FreeDrawPenGray-2_32.png in Resources */,
				F5E6CF312B620C4F00B38F16 /* FreeDrawPenGray-2_4.png in Resources */,
				F5E6CF202B620C1200B38F16 /* Normal.vert in Resources */,
				F5E6CEFF2B6201D500B38F16 /* LaunchScreen.storyboard in Resources */,
				F5E6CF352B620C4F00B38F16 /* FreeDrawPenGray-2_8.png in Resources */,
				F5E6CF1B2B620C1200B38F16 /* Normal.frag in Resources */,
				F5E6CEFC2B6201D500B38F16 /* Assets.xcassets in Resources */,
				F5E6CF322B620C4F00B38F16 /* FreeDrawPenMono_32.png in Resources */,
				F5E6CF332B620C4F00B38F16 /* FreeDrawPenMono_16.png in Resources */,
				F5E6CF2E2B620C4F00B38F16 /* FreeDrawPenGray-2_2.png in Resources */,
				F5E6CF1A2B620C1200B38F16 /* WhiteAsAlpha.frag in Resources */,
				F5E6CF342B620C4F00B38F16 /* FreeDrawPenGray_16.png in Resources */,
				F5E6CF2D2B620C4F00B38F16 /* FreeDrawPenGray-2_1.png in Resources */,
				F5E6CF2F2B620C4F00B38F16 /* FreeDrawPenGray-2_16.png in Resources */,
				F5E6CEFA2B6201D300B38F16 /* Main.storyboard in Resources */,
				F5E6CF302B620C4F00B38F16 /* FreeDrawPenGray_32.png in Resources */,
			);
			runOnlyForDeploymentPostprocessing = 0;
		};
/* End PBXResourcesBuildPhase section */

/* Begin PBXSourcesBuildPhase section */
		F5E6CEE82B6201D300B38F16 /* Sources */ = {
			isa = PBXSourcesBuildPhase;
			buildActionMask = 2147483647;
			files = (
				F5B79FB42B621C2E004BD866 /* BaseViewState.m in Sources */,
				F5E6CEF72B6201D300B38F16 /* ViewController.m in Sources */,
				F5B79FB22B621782004BD866 /* NonuniformSpline.cpp in Sources */,
				F5B79F9E2B62159B004BD866 /* Triangles.cpp in Sources */,
				F5811A072B96FDC3001C7031 /* Scalar+Extensions.swift in Sources */,
				F5811A052B96FD62001C7031 /* Normal.metal in Sources */,
				F5E6CF0D2B6207D000B38F16 /* ResourceManager.mm in Sources */,
				F5811A092B96FE69001C7031 /* FreeDrawView+Extensions.swift in Sources */,
				F5B79F9D2B62159B004BD866 /* Polyline.cpp in Sources */,
				F5B79F922B6214F4004BD866 /* DrawingCurveState.mm in Sources */,
				F5E6CEF12B6201D300B38F16 /* AppDelegate.m in Sources */,
				F5811A0D2B96FF17001C7031 /* ArrayExtensions.swift in Sources */,
				F5E6CF022B6201D500B38F16 /* main.m in Sources */,
				F5E6CF0A2B6202AA00B38F16 /* FreeDrawView.mm in Sources */,
				F5811A0B2B96FEF0001C7031 /* Collection+Extensions.swift in Sources */,
				F5811A022B96FD05001C7031 /* VertexObj.m in Sources */,
				F5E6CEF42B6201D300B38F16 /* SceneDelegate.m in Sources */,
			);
			runOnlyForDeploymentPostprocessing = 0;
		};
/* End PBXSourcesBuildPhase section */

/* Begin PBXVariantGroup section */
		F5E6CEF82B6201D300B38F16 /* Main.storyboard */ = {
			isa = PBXVariantGroup;
			children = (
				F5E6CEF92B6201D300B38F16 /* Base */,
			);
			name = Main.storyboard;
			sourceTree = "<group>";
		};
		F5E6CEFD2B6201D500B38F16 /* LaunchScreen.storyboard */ = {
			isa = PBXVariantGroup;
			children = (
				F5E6CEFE2B6201D500B38F16 /* Base */,
			);
			name = LaunchScreen.storyboard;
			sourceTree = "<group>";
		};
/* End PBXVariantGroup section */

/* Begin XCBuildConfiguration section */
		F5E6CF032B6201D500B38F16 /* Debug */ = {
			isa = XCBuildConfiguration;
			buildSettings = {
				ALWAYS_SEARCH_USER_PATHS = NO;
				ASSETCATALOG_COMPILER_GENERATE_SWIFT_ASSET_SYMBOL_EXTENSIONS = YES;
				CLANG_ANALYZER_NONNULL = YES;
				CLANG_ANALYZER_NUMBER_OBJECT_CONVERSION = YES_AGGRESSIVE;
				CLANG_CXX_LANGUAGE_STANDARD = "gnu++20";
				CLANG_ENABLE_MODULES = YES;
				CLANG_ENABLE_OBJC_ARC = YES;
				CLANG_ENABLE_OBJC_WEAK = YES;
				CLANG_WARN_BLOCK_CAPTURE_AUTORELEASING = YES;
				CLANG_WARN_BOOL_CONVERSION = YES;
				CLANG_WARN_COMMA = YES;
				CLANG_WARN_CONSTANT_CONVERSION = YES;
				CLANG_WARN_DEPRECATED_OBJC_IMPLEMENTATIONS = YES;
				CLANG_WARN_DIRECT_OBJC_ISA_USAGE = YES_ERROR;
				CLANG_WARN_DOCUMENTATION_COMMENTS = YES;
				CLANG_WARN_EMPTY_BODY = YES;
				CLANG_WARN_ENUM_CONVERSION = YES;
				CLANG_WARN_INFINITE_RECURSION = YES;
				CLANG_WARN_INT_CONVERSION = YES;
				CLANG_WARN_NON_LITERAL_NULL_CONVERSION = YES;
				CLANG_WARN_OBJC_IMPLICIT_RETAIN_SELF = YES;
				CLANG_WARN_OBJC_LITERAL_CONVERSION = YES;
				CLANG_WARN_OBJC_ROOT_CLASS = YES_ERROR;
				CLANG_WARN_QUOTED_INCLUDE_IN_FRAMEWORK_HEADER = YES;
				CLANG_WARN_RANGE_LOOP_ANALYSIS = YES;
				CLANG_WARN_STRICT_PROTOTYPES = YES;
				CLANG_WARN_SUSPICIOUS_MOVE = YES;
				CLANG_WARN_UNGUARDED_AVAILABILITY = YES_AGGRESSIVE;
				CLANG_WARN_UNREACHABLE_CODE = YES;
				CLANG_WARN__DUPLICATE_METHOD_MATCH = YES;
				COPY_PHASE_STRIP = NO;
				DEBUG_INFORMATION_FORMAT = dwarf;
				ENABLE_STRICT_OBJC_MSGSEND = YES;
				ENABLE_TESTABILITY = YES;
				ENABLE_USER_SCRIPT_SANDBOXING = YES;
				GCC_C_LANGUAGE_STANDARD = gnu17;
				GCC_DYNAMIC_NO_PIC = NO;
				GCC_NO_COMMON_BLOCKS = YES;
				GCC_OPTIMIZATION_LEVEL = 0;
				GCC_PREPROCESSOR_DEFINITIONS = (
					"DEBUG=1",
					"$(inherited)",
				);
				GCC_WARN_64_TO_32_BIT_CONVERSION = YES;
				GCC_WARN_ABOUT_RETURN_TYPE = YES_ERROR;
				GCC_WARN_UNDECLARED_SELECTOR = YES;
				GCC_WARN_UNINITIALIZED_AUTOS = YES_AGGRESSIVE;
				GCC_WARN_UNUSED_FUNCTION = YES;
				GCC_WARN_UNUSED_VARIABLE = YES;
				IPHONEOS_DEPLOYMENT_TARGET = 17.0;
				LOCALIZATION_PREFERS_STRING_CATALOGS = YES;
				MTL_ENABLE_DEBUG_INFO = INCLUDE_SOURCE;
				MTL_FAST_MATH = YES;
				ONLY_ACTIVE_ARCH = YES;
				SDKROOT = iphoneos;
			};
			name = Debug;
		};
		F5E6CF042B6201D500B38F16 /* Release */ = {
			isa = XCBuildConfiguration;
			buildSettings = {
				ALWAYS_SEARCH_USER_PATHS = NO;
				ASSETCATALOG_COMPILER_GENERATE_SWIFT_ASSET_SYMBOL_EXTENSIONS = YES;
				CLANG_ANALYZER_NONNULL = YES;
				CLANG_ANALYZER_NUMBER_OBJECT_CONVERSION = YES_AGGRESSIVE;
				CLANG_CXX_LANGUAGE_STANDARD = "gnu++20";
				CLANG_ENABLE_MODULES = YES;
				CLANG_ENABLE_OBJC_ARC = YES;
				CLANG_ENABLE_OBJC_WEAK = YES;
				CLANG_WARN_BLOCK_CAPTURE_AUTORELEASING = YES;
				CLANG_WARN_BOOL_CONVERSION = YES;
				CLANG_WARN_COMMA = YES;
				CLANG_WARN_CONSTANT_CONVERSION = YES;
				CLANG_WARN_DEPRECATED_OBJC_IMPLEMENTATIONS = YES;
				CLANG_WARN_DIRECT_OBJC_ISA_USAGE = YES_ERROR;
				CLANG_WARN_DOCUMENTATION_COMMENTS = YES;
				CLANG_WARN_EMPTY_BODY = YES;
				CLANG_WARN_ENUM_CONVERSION = YES;
				CLANG_WARN_INFINITE_RECURSION = YES;
				CLANG_WARN_INT_CONVERSION = YES;
				CLANG_WARN_NON_LITERAL_NULL_CONVERSION = YES;
				CLANG_WARN_OBJC_IMPLICIT_RETAIN_SELF = YES;
				CLANG_WARN_OBJC_LITERAL_CONVERSION = YES;
				CLANG_WARN_OBJC_ROOT_CLASS = YES_ERROR;
				CLANG_WARN_QUOTED_INCLUDE_IN_FRAMEWORK_HEADER = YES;
				CLANG_WARN_RANGE_LOOP_ANALYSIS = YES;
				CLANG_WARN_STRICT_PROTOTYPES = YES;
				CLANG_WARN_SUSPICIOUS_MOVE = YES;
				CLANG_WARN_UNGUARDED_AVAILABILITY = YES_AGGRESSIVE;
				CLANG_WARN_UNREACHABLE_CODE = YES;
				CLANG_WARN__DUPLICATE_METHOD_MATCH = YES;
				COPY_PHASE_STRIP = NO;
				DEBUG_INFORMATION_FORMAT = "dwarf-with-dsym";
				ENABLE_NS_ASSERTIONS = NO;
				ENABLE_STRICT_OBJC_MSGSEND = YES;
				ENABLE_USER_SCRIPT_SANDBOXING = YES;
				GCC_C_LANGUAGE_STANDARD = gnu17;
				GCC_NO_COMMON_BLOCKS = YES;
				GCC_WARN_64_TO_32_BIT_CONVERSION = YES;
				GCC_WARN_ABOUT_RETURN_TYPE = YES_ERROR;
				GCC_WARN_UNDECLARED_SELECTOR = YES;
				GCC_WARN_UNINITIALIZED_AUTOS = YES_AGGRESSIVE;
				GCC_WARN_UNUSED_FUNCTION = YES;
				GCC_WARN_UNUSED_VARIABLE = YES;
				IPHONEOS_DEPLOYMENT_TARGET = 17.0;
				LOCALIZATION_PREFERS_STRING_CATALOGS = YES;
				MTL_ENABLE_DEBUG_INFO = NO;
				MTL_FAST_MATH = YES;
				SDKROOT = iphoneos;
				VALIDATE_PRODUCT = YES;
			};
			name = Release;
		};
		F5E6CF062B6201D500B38F16 /* Debug */ = {
			isa = XCBuildConfiguration;
			buildSettings = {
				ASSETCATALOG_COMPILER_APPICON_NAME = AppIcon;
				ASSETCATALOG_COMPILER_GLOBAL_ACCENT_COLOR_NAME = AccentColor;
				CLANG_ENABLE_MODULES = YES;
				CODE_SIGN_STYLE = Automatic;
				CURRENT_PROJECT_VERSION = 1;
				DEVELOPMENT_TEAM = LM83V6KS3Q;
				GCC_PRECOMPILE_PREFIX_HEADER = YES;
				GCC_PREFIX_HEADER = "opengles-brush/app/opengles-brush-Prefix.pch";
				GCC_SYMBOLS_PRIVATE_EXTERN = YES;
				GENERATE_INFOPLIST_FILE = YES;
				INFOPLIST_FILE = "opengles-brush/app/Info.plist";
				INFOPLIST_KEY_UIApplicationSupportsIndirectInputEvents = YES;
				INFOPLIST_KEY_UILaunchStoryboardName = LaunchScreen;
				INFOPLIST_KEY_UIMainStoryboardFile = Main;
				INFOPLIST_KEY_UISupportedInterfaceOrientations = UIInterfaceOrientationPortrait;
				LD_RUNPATH_SEARCH_PATHS = (
					"$(inherited)",
					"@executable_path/Frameworks",
				);
				MARKETING_VERSION = 1.0;
				OTHER_LDFLAGS = "-ObjC";
				PRODUCT_BUNDLE_IDENTIFIER = "azun.demo.opengles-brush";
				PRODUCT_NAME = "$(TARGET_NAME)";
				SWIFT_EMIT_LOC_STRINGS = YES;
				SWIFT_OBJC_BRIDGING_HEADER = "opengles-brush/app/opengles-brush-Bridging-Header.h";
				SWIFT_OPTIMIZATION_LEVEL = "-Onone";
				SWIFT_VERSION = 5.0;
				TARGETED_DEVICE_FAMILY = "1,2";
			};
			name = Debug;
		};
		F5E6CF072B6201D500B38F16 /* Release */ = {
			isa = XCBuildConfiguration;
			buildSettings = {
				ASSETCATALOG_COMPILER_APPICON_NAME = AppIcon;
				ASSETCATALOG_COMPILER_GLOBAL_ACCENT_COLOR_NAME = AccentColor;
				CLANG_ENABLE_MODULES = YES;
				CODE_SIGN_STYLE = Automatic;
				CURRENT_PROJECT_VERSION = 1;
				DEVELOPMENT_TEAM = LM83V6KS3Q;
				GCC_PRECOMPILE_PREFIX_HEADER = YES;
				GCC_PREFIX_HEADER = "opengles-brush/app/opengles-brush-Prefix.pch";
				GCC_SYMBOLS_PRIVATE_EXTERN = YES;
				GENERATE_INFOPLIST_FILE = YES;
				INFOPLIST_FILE = "opengles-brush/app/Info.plist";
				INFOPLIST_KEY_UIApplicationSupportsIndirectInputEvents = YES;
				INFOPLIST_KEY_UILaunchStoryboardName = LaunchScreen;
				INFOPLIST_KEY_UIMainStoryboardFile = Main;
				INFOPLIST_KEY_UISupportedInterfaceOrientations = UIInterfaceOrientationPortrait;
				LD_RUNPATH_SEARCH_PATHS = (
					"$(inherited)",
					"@executable_path/Frameworks",
				);
				MARKETING_VERSION = 1.0;
				OTHER_LDFLAGS = "-ObjC";
				PRODUCT_BUNDLE_IDENTIFIER = "azun.demo.opengles-brush";
				PRODUCT_NAME = "$(TARGET_NAME)";
				SWIFT_EMIT_LOC_STRINGS = YES;
				SWIFT_OBJC_BRIDGING_HEADER = "opengles-brush/app/opengles-brush-Bridging-Header.h";
				SWIFT_VERSION = 5.0;
				TARGETED_DEVICE_FAMILY = "1,2";
			};
			name = Release;
		};
/* End XCBuildConfiguration section */

/* Begin XCConfigurationList section */
		F5E6CEE72B6201D300B38F16 /* Build configuration list for PBXProject "opengles-brush" */ = {
			isa = XCConfigurationList;
			buildConfigurations = (
				F5E6CF032B6201D500B38F16 /* Debug */,
				F5E6CF042B6201D500B38F16 /* Release */,
			);
			defaultConfigurationIsVisible = 0;
			defaultConfigurationName = Release;
		};
		F5E6CF052B6201D500B38F16 /* Build configuration list for PBXNativeTarget "opengles-brush" */ = {
			isa = XCConfigurationList;
			buildConfigurations = (
				F5E6CF062B6201D500B38F16 /* Debug */,
				F5E6CF072B6201D500B38F16 /* Release */,
			);
			defaultConfigurationIsVisible = 0;
			defaultConfigurationName = Release;
		};
/* End XCConfigurationList section */
	};
	rootObject = F5E6CEE42B6201D300B38F16 /* Project object */;
}
